
Microsoft Visual Studio Solution File, Format Version 12.00
# Visual Studio Version 17
VisualStudioVersion = 17.3.32929.385
MinimumVisualStudioVersion = 10.0.40219.1
Project("{FAE04EC0-301F-11D3-BF4B-00C04F79EFBC}") = "CUBE_4", "CUBE_4.csproj", "{71419107-4627-4839-B89B-91C6B6FD9410}"
EndProject
Global
	GlobalSection(SolutionConfigurationPlatforms) = preSolution
		Debug|Any CPU = Debug|Any CPU
		Release|Any CPU = Release|Any CPU
	EndGlobalSection
	GlobalSection(ProjectConfigurationPlatforms) = postSolution
		{71419107-4627-4839-B89B-91C6B6FD9410}.Debug|Any CPU.ActiveCfg = Debug|Any CPU
		{71419107-4627-4839-B89B-91C6B6FD9410}.Debug|Any CPU.Build.0 = Debug|Any CPU
		{71419107-4627-4839-B89B-91C6B6FD9410}.Release|Any CPU.ActiveCfg = Release|Any CPU
		{71419107-4627-4839-B89B-91C6B6FD9410}.Release|Any CPU.Build.0 = Release|Any CPU
	EndGlobalSection
	GlobalSection(SolutionProperties) = preSolution
		HideSolutionNode = FALSE
	EndGlobalSection
	GlobalSection(ExtensibilityGlobals) = postSolution
		SolutionGuid = {790E8818-6148-47D5-98EA-492780D92BE1}
	EndGlobalSection
EndGlobal
